
Microsoft Visual Studio Solution File, Format Version 12.00
# Visual Studio Version 17
VisualStudioVersion = 17.8.34322.80
MinimumVisualStudioVersion = 10.0.40219.1
Project("{9A19103F-16F7-4668-BE54-9A1E7A4F7556}") = "VetApp", "VetApp\VetApp.csproj", "{98C4E6A9-B3C7-4B6F-AF24-1763A143BF59}"
EndProject
Project("{9A19103F-16F7-4668-BE54-9A1E7A4F7556}") = "Entidades", "Entidades\Entidades.csproj", "{3126066B-EF12-4B5E-A2D2-10916F4A025F}"
EndProject
Global
	GlobalSection(SolutionConfigurationPlatforms) = preSolution
		Debug|Any CPU = Debug|Any CPU
		Release|Any CPU = Release|Any CPU
	EndGlobalSection
	GlobalSection(ProjectConfigurationPlatforms) = postSolution
		{98C4E6A9-B3C7-4B6F-AF24-1763A143BF59}.Debug|Any CPU.ActiveCfg = Debug|Any CPU
		{98C4E6A9-B3C7-4B6F-AF24-1763A143BF59}.Debug|Any CPU.Build.0 = Debug|Any CPU
		{98C4E6A9-B3C7-4B6F-AF24-1763A143BF59}.Release|Any CPU.ActiveCfg = Release|Any CPU
		{98C4E6A9-B3C7-4B6F-AF24-1763A143BF59}.Release|Any CPU.Build.0 = Release|Any CPU
		{3126066B-EF12-4B5E-A2D2-10916F4A025F}.Debug|Any CPU.ActiveCfg = Debug|Any CPU
		{3126066B-EF12-4B5E-A2D2-10916F4A025F}.Debug|Any CPU.Build.0 = Debug|Any CPU
		{3126066B-EF12-4B5E-A2D2-10916F4A025F}.Release|Any CPU.ActiveCfg = Release|Any CPU
		{3126066B-EF12-4B5E-A2D2-10916F4A025F}.Release|Any CPU.Build.0 = Release|Any CPU
	EndGlobalSection
	GlobalSection(SolutionProperties) = preSolution
		HideSolutionNode = FALSE
	EndGlobalSection
	GlobalSection(ExtensibilityGlobals) = postSolution
		SolutionGuid = {02EE52C0-B9EC-4D5F-BE80-B7E07A8A5A32}
	EndGlobalSection
EndGlobal
